github.com/bahodurnazarov/goTask v0.0.0-20220602093132-4a1676ca5461 h1:CPW+ot0pr6JEiVWf0ZAiyd8Ey1q5W2vaoy8yGLYz11o=
github.com/bahodurnazarov/goTask v0.0.0-20220602093132-4a1676ca5461/go.mod h1:o/6A9+ZJ8rWus7JpbEwD0ART/n98lD5FB2G9n+aTwWI=
github.com/bahodurnazarov/goTask v0.0.0-20220602093716-d31d961d4441 h1:oLzwqQPjJzaggbPbH9ltU/0pLq/l10HLoq0NBipaNro=
github.com/bahodurnazarov/goTask v0.0.0-20220602093716-d31d961d4441/go.mod h1:o/6A9+ZJ8rWus7JpbEwD0ART/n98lD5FB2G9n+aTwWI=
